
Microsoft Visual Studio Solution File, Format Version 12.00
# Visual Studio Version 17
VisualStudioVersion = 17.6.33927.249
MinimumVisualStudioVersion = 10.0.40219.1
Project("{54A90642-561A-4BB1-A94E-469ADEE60C69}") = "reactapp", "reactapp\reactapp.esproj", "{BE1DDDB2-FBBC-4FB6-A500-D573EE3A907E}"
EndProject
Project("{9A19103F-16F7-4668-BE54-9A1E7A4F7556}") = "webapi", "webapi\webapi.csproj", "{AA97FF45-75EA-42CB-9884-C87B32047ABC}"
EndProject
Global
	GlobalSection(SolutionConfigurationPlatforms) = preSolution
		Debug|Any CPU = Debug|Any CPU
		Release|Any CPU = Release|Any CPU
	EndGlobalSection
	GlobalSection(ProjectConfigurationPlatforms) = postSolution
		{BE1DDDB2-FBBC-4FB6-A500-D573EE3A907E}.Debug|Any CPU.ActiveCfg = Debug|Any CPU
		{BE1DDDB2-FBBC-4FB6-A500-D573EE3A907E}.Debug|Any CPU.Build.0 = Debug|Any CPU
		{BE1DDDB2-FBBC-4FB6-A500-D573EE3A907E}.Debug|Any CPU.Deploy.0 = Debug|Any CPU
		{BE1DDDB2-FBBC-4FB6-A500-D573EE3A907E}.Release|Any CPU.ActiveCfg = Release|Any CPU
		{BE1DDDB2-FBBC-4FB6-A500-D573EE3A907E}.Release|Any CPU.Build.0 = Release|Any CPU
		{BE1DDDB2-FBBC-4FB6-A500-D573EE3A907E}.Release|Any CPU.Deploy.0 = Release|Any CPU
		{AA97FF45-75EA-42CB-9884-C87B32047ABC}.Debug|Any CPU.ActiveCfg = Debug|Any CPU
		{AA97FF45-75EA-42CB-9884-C87B32047ABC}.Debug|Any CPU.Build.0 = Debug|Any CPU
		{AA97FF45-75EA-42CB-9884-C87B32047ABC}.Release|Any CPU.ActiveCfg = Release|Any CPU
		{AA97FF45-75EA-42CB-9884-C87B32047ABC}.Release|Any CPU.Build.0 = Release|Any CPU
	EndGlobalSection
	GlobalSection(SolutionProperties) = preSolution
		HideSolutionNode = FALSE
	EndGlobalSection
	GlobalSection(ExtensibilityGlobals) = postSolution
		SolutionGuid = {8A59E92E-F1FB-42B6-8DB4-2C556DF2837F}
	EndGlobalSection
EndGlobal
